
Microsoft Visual Studio Solution File, Format Version 12.00
# Visual Studio 2017
Project("{FAE04EC0-301F-11D3-BF4B-00C04F79EFBC}") = "StudentPlatformer (1)", "StudentPlatformer (1).csproj", "{6406B620-D75D-78A8-92DA-6B19C4788B9B}"
EndProject
Global
	GlobalSection(SolutionConfigurationPlatforms) = preSolution
		Debug|Any CPU = Debug|Any CPU
		Release|Any CPU = Release|Any CPU
	EndGlobalSection
	GlobalSection(ProjectConfigurationPlatforms) = postSolution
		{6406B620-D75D-78A8-92DA-6B19C4788B9B}.Debug|Any CPU.ActiveCfg = Debug|Any CPU
		{6406B620-D75D-78A8-92DA-6B19C4788B9B}.Debug|Any CPU.Build.0 = Debug|Any CPU
		{6406B620-D75D-78A8-92DA-6B19C4788B9B}.Release|Any CPU.ActiveCfg = Release|Any CPU
		{6406B620-D75D-78A8-92DA-6B19C4788B9B}.Release|Any CPU.Build.0 = Release|Any CPU
	EndGlobalSection
	GlobalSection(SolutionProperties) = preSolution
		HideSolutionNode = FALSE
	EndGlobalSection
EndGlobal
